<?xml version="1.0" encoding="utf-8"?>
<Project ToolsVersion="4.0" xmlns="http://schemas.microsoft.com/developer/msbuild/2003">
  <ItemGroup>
    <Filter Include="Source Files">
      <UniqueIdentifier>{4FC737F1-C7A5-4376-A066-2A32D752A2FF}</UniqueIdentifier>
      <Extensions>cpp;c;cc;cxx;def;odl;idl;hpj;bat;asm;asmx</Extensions>
    </Filter>
    <Filter Include="Header Files">
      <UniqueIdentifier>{93995380-89BD-4b04-88EB-625FBE52EBFB}</UniqueIdentifier>
      <Extensions>h;hh;hpp;hxx;hm;inl;inc;ipp;xsd</Extensions>
    </Filter>
    <Filter Include="Resource Files">
      <UniqueIdentifier>{67DA6AB6-F800-4c08-8B7A-83BB121AAD01}</UniqueIdentifier>
      <Extensions>rc;ico;cur;bmp;dlg;rc2;rct;bin;rgs;gif;jpg;jpeg;jpe;resx;tiff;tif;png;wav;mfcribbon-ms</Extensions>
    </Filter>
    <Filter Include="Source Files\SRC">
      <UniqueIdentifier>{0dff7139-5afc-4a70-9b70-d3614193c7ad}</UniqueIdentifier>
    </Filter>
    <Filter Include="Source Files\UTIL">
      <UniqueIdentifier>{12c57952-0b76-4fdd-b427-a0774e5f3c70}</UniqueIdentifier>
    </Filter>
  </ItemGroup>
  <ItemGroup>
    <ClCompile Include="..\..\..\ARPACK\arpack-ng\UTIL\cmout.c">
      <Filter>Source Files\UTIL</Filter>
    </ClCompile>
    <ClCompile Include="..\..\..\ARPACK\arpack-ng\UTIL\cvout.c">
      <Filter>Source Files\UTIL</Filter>
    </ClCompile>
    <ClCompile Include="..\..\..\ARPACK\arpack-ng\UTIL\dmout.c">
      <Filter>Source Files\UTIL</Filter>
    </ClCompile>
    <ClCompile Include="..\..\..\ARPACK\arpack-ng\UTIL\dvout.c">
      <Filter>Source Files\UTIL</Filter>
    </ClCompile>
    <ClCompile Include="..\..\..\ARPACK\arpack-ng\UTIL\ivout.c">
      <Filter>Source Files\UTIL</Filter>
    </ClCompile>
    <ClCompile Include="..\..\..\ARPACK\arpack-ng\UTIL\second.c">
      <Filter>Source Files\UTIL</Filter>
    </ClCompile>
    <ClCompile Include="..\..\..\ARPACK\arpack-ng\UTIL\smout.c">
      <Filter>Source Files\UTIL</Filter>
    </ClCompile>
    <ClCompile Include="..\..\..\ARPACK\arpack-ng\UTIL\svout.c">
      <Filter>Source Files\UTIL</Filter>
    </ClCompile>
    <ClCompile Include="..\..\..\ARPACK\arpack-ng\UTIL\zmout.c">
      <Filter>Source Files\UTIL</Filter>
    </ClCompile>
    <ClCompile Include="..\..\..\ARPACK\arpack-ng\UTIL\zvout.c">
      <Filter>Source Files\UTIL</Filter>
    </ClCompile>
    <ClCompile Include="..\..\..\ARPACK\arpack-ng\SRC\cgetv0.c">
      <Filter>Source Files\SRC</Filter>
    </ClCompile>
    <ClCompile Include="..\..\..\ARPACK\arpack-ng\SRC\cnaitr.c">
      <Filter>Source Files\SRC</Filter>
    </ClCompile>
    <ClCompile Include="..\..\..\ARPACK\arpack-ng\SRC\cnapps.c">
      <Filter>Source Files\SRC</Filter>
    </ClCompile>
    <ClCompile Include="..\..\..\ARPACK\arpack-ng\SRC\cnaup2.c">
      <Filter>Source Files\SRC</Filter>
    </ClCompile>
    <ClCompile Include="..\..\..\ARPACK\arpack-ng\SRC\cnaupd.c">
      <Filter>Source Files\SRC</Filter>
    </ClCompile>
    <ClCompile Include="..\..\..\ARPACK\arpack-ng\SRC\cneigh.c">
      <Filter>Source Files\SRC</Filter>
    </ClCompile>
    <ClCompile Include="..\..\..\ARPACK\arpack-ng\SRC\cneupd.c">
      <Filter>Source Files\SRC</Filter>
    </ClCompile>
    <ClCompile Include="..\..\..\ARPACK\arpack-ng\SRC\cngets.c">
      <Filter>Source Files\SRC</Filter>
    </ClCompile>
    <ClCompile Include="..\..\..\ARPACK\arpack-ng\SRC\csortc.c">
      <Filter>Source Files\SRC</Filter>
    </ClCompile>
    <ClCompile Include="..\..\..\ARPACK\arpack-ng\SRC\cstatn.c">
      <Filter>Source Files\SRC</Filter>
    </ClCompile>
    <ClCompile Include="..\..\..\ARPACK\arpack-ng\SRC\dgetv0.c">
      <Filter>Source Files\SRC</Filter>
    </ClCompile>
    <ClCompile Include="..\..\..\ARPACK\arpack-ng\SRC\dnaitr.c">
      <Filter>Source Files\SRC</Filter>
    </ClCompile>
    <ClCompile Include="..\..\..\ARPACK\arpack-ng\SRC\dnapps.c">
      <Filter>Source Files\SRC</Filter>
    </ClCompile>
    <ClCompile Include="..\..\..\ARPACK\arpack-ng\SRC\dnaup2.c">
      <Filter>Source Files\SRC</Filter>
    </ClCompile>
    <ClCompile Include="..\..\..\ARPACK\arpack-ng\SRC\dnaupd.c">
      <Filter>Source Files\SRC</Filter>
    </ClCompile>
    <ClCompile Include="..\..\..\ARPACK\arpack-ng\SRC\dnconv.c">
      <Filter>Source Files\SRC</Filter>
    </ClCompile>
    <ClCompile Include="..\..\..\ARPACK\arpack-ng\SRC\dneigh.c">
      <Filter>Source Files\SRC</Filter>
    </ClCompile>
    <ClCompile Include="..\..\..\ARPACK\arpack-ng\SRC\dneupd.c">
      <Filter>Source Files\SRC</Filter>
    </ClCompile>
    <ClCompile Include="..\..\..\ARPACK\arpack-ng\SRC\dngets.c">
      <Filter>Source Files\SRC</Filter>
    </ClCompile>
    <ClCompile Include="..\..\..\ARPACK\arpack-ng\SRC\dsaitr.c">
      <Filter>Source Files\SRC</Filter>
    </ClCompile>
    <ClCompile Include="..\..\..\ARPACK\arpack-ng\SRC\dsapps.c">
      <Filter>Source Files\SRC</Filter>
    </ClCompile>
    <ClCompile Include="..\..\..\ARPACK\arpack-ng\SRC\dsaup2.c">
      <Filter>Source Files\SRC</Filter>
    </ClCompile>
    <ClCompile Include="..\..\..\ARPACK\arpack-ng\SRC\dsaupd.c">
      <Filter>Source Files\SRC</Filter>
    </ClCompile>
    <ClCompile Include="..\..\..\ARPACK\arpack-ng\SRC\dsconv.c">
      <Filter>Source Files\SRC</Filter>
    </ClCompile>
    <ClCompile Include="..\..\..\ARPACK\arpack-ng\SRC\dseigt.c">
      <Filter>Source Files\SRC</Filter>
    </ClCompile>
    <ClCompile Include="..\..\..\ARPACK\arpack-ng\SRC\dsesrt.c">
      <Filter>Source Files\SRC</Filter>
    </ClCompile>
    <ClCompile Include="..\..\..\ARPACK\arpack-ng\SRC\dseupd.c">
      <Filter>Source Files\SRC</Filter>
    </ClCompile>
    <ClCompile Include="..\..\..\ARPACK\arpack-ng\SRC\dsgets.c">
      <Filter>Source Files\SRC</Filter>
    </ClCompile>
    <ClCompile Include="..\..\..\ARPACK\arpack-ng\SRC\dsortc.c">
      <Filter>Source Files\SRC</Filter>
    </ClCompile>
    <ClCompile Include="..\..\..\ARPACK\arpack-ng\SRC\dsortr.c">
      <Filter>Source Files\SRC</Filter>
    </ClCompile>
    <ClCompile Include="..\..\..\ARPACK\arpack-ng\SRC\dstatn.c">
      <Filter>Source Files\SRC</Filter>
    </ClCompile>
    <ClCompile Include="..\..\..\ARPACK\arpack-ng\SRC\dstats.c">
      <Filter>Source Files\SRC</Filter>
    </ClCompile>
    <ClCompile Include="..\..\..\ARPACK\arpack-ng\SRC\dstqrb.c">
      <Filter>Source Files\SRC</Filter>
    </ClCompile>
    <ClCompile Include="..\..\..\ARPACK\arpack-ng\SRC\sgetv0.c">
      <Filter>Source Files\SRC</Filter>
    </ClCompile>
    <ClCompile Include="..\..\..\ARPACK\arpack-ng\SRC\snaitr.c">
      <Filter>Source Files\SRC</Filter>
    </ClCompile>
    <ClCompile Include="..\..\..\ARPACK\arpack-ng\SRC\snapps.c">
      <Filter>Source Files\SRC</Filter>
    </ClCompile>
    <ClCompile Include="..\..\..\ARPACK\arpack-ng\SRC\snaup2.c">
      <Filter>Source Files\SRC</Filter>
    </ClCompile>
    <ClCompile Include="..\..\..\ARPACK\arpack-ng\SRC\snaupd.c">
      <Filter>Source Files\SRC</Filter>
    </ClCompile>
    <ClCompile Include="..\..\..\ARPACK\arpack-ng\SRC\snconv.c">
      <Filter>Source Files\SRC</Filter>
    </ClCompile>
    <ClCompile Include="..\..\..\ARPACK\arpack-ng\SRC\sneigh.c">
      <Filter>Source Files\SRC</Filter>
    </ClCompile>
    <ClCompile Include="..\..\..\ARPACK\arpack-ng\SRC\sneupd.c">
      <Filter>Source Files\SRC</Filter>
    </ClCompile>
    <ClCompile Include="..\..\..\ARPACK\arpack-ng\SRC\sngets.c">
      <Filter>Source Files\SRC</Filter>
    </ClCompile>
    <ClCompile Include="..\..\..\ARPACK\arpack-ng\SRC\ssaitr.c">
      <Filter>Source Files\SRC</Filter>
    </ClCompile>
    <ClCompile Include="..\..\..\ARPACK\arpack-ng\SRC\ssapps.c">
      <Filter>Source Files\SRC</Filter>
    </ClCompile>
    <ClCompile Include="..\..\..\ARPACK\arpack-ng\SRC\ssaup2.c">
      <Filter>Source Files\SRC</Filter>
    </ClCompile>
    <ClCompile Include="..\..\..\ARPACK\arpack-ng\SRC\ssaupd.c">
      <Filter>Source Files\SRC</Filter>
    </ClCompile>
    <ClCompile Include="..\..\..\ARPACK\arpack-ng\SRC\ssconv.c">
      <Filter>Source Files\SRC</Filter>
    </ClCompile>
    <ClCompile Include="..\..\..\ARPACK\arpack-ng\SRC\sseigt.c">
      <Filter>Source Files\SRC</Filter>
    </ClCompile>
    <ClCompile Include="..\..\..\ARPACK\arpack-ng\SRC\ssesrt.c">
      <Filter>Source Files\SRC</Filter>
    </ClCompile>
    <ClCompile Include="..\..\..\ARPACK\arpack-ng\SRC\sseupd.c">
      <Filter>Source Files\SRC</Filter>
    </ClCompile>
    <ClCompile Include="..\..\..\ARPACK\arpack-ng\SRC\ssgets.c">
      <Filter>Source Files\SRC</Filter>
    </ClCompile>
    <ClCompile Include="..\..\..\ARPACK\arpack-ng\SRC\ssortc.c">
      <Filter>Source Files\SRC</Filter>
    </ClCompile>
    <ClCompile Include="..\..\..\ARPACK\arpack-ng\SRC\ssortr.c">
      <Filter>Source Files\SRC</Filter>
    </ClCompile>
    <ClCompile Include="..\..\..\ARPACK\arpack-ng\SRC\sstatn.c">
      <Filter>Source Files\SRC</Filter>
    </ClCompile>
    <ClCompile Include="..\..\..\ARPACK\arpack-ng\SRC\sstats.c">
      <Filter>Source Files\SRC</Filter>
    </ClCompile>
    <ClCompile Include="..\..\..\ARPACK\arpack-ng\SRC\sstqrb.c">
      <Filter>Source Files\SRC</Filter>
    </ClCompile>
    <ClCompile Include="..\..\..\ARPACK\arpack-ng\SRC\zgetv0.c">
      <Filter>Source Files\SRC</Filter>
    </ClCompile>
    <ClCompile Include="..\..\..\ARPACK\arpack-ng\SRC\znaitr.c">
      <Filter>Source Files\SRC</Filter>
    </ClCompile>
    <ClCompile Include="..\..\..\ARPACK\arpack-ng\SRC\znapps.c">
      <Filter>Source Files\SRC</Filter>
    </ClCompile>
    <ClCompile Include="..\..\..\ARPACK\arpack-ng\SRC\znaup2.c">
      <Filter>Source Files\SRC</Filter>
    </ClCompile>
    <ClCompile Include="..\..\..\ARPACK\arpack-ng\SRC\znaupd.c">
      <Filter>Source Files\SRC</Filter>
    </ClCompile>
    <ClCompile Include="..\..\..\ARPACK\arpack-ng\SRC\zneigh.c">
      <Filter>Source Files\SRC</Filter>
    </ClCompile>
    <ClCompile Include="..\..\..\ARPACK\arpack-ng\SRC\zneupd.c">
      <Filter>Source Files\SRC</Filter>
    </ClCompile>
    <ClCompile Include="..\..\..\ARPACK\arpack-ng\SRC\zngets.c">
      <Filter>Source Files\SRC</Filter>
    </ClCompile>
    <ClCompile Include="..\..\..\ARPACK\arpack-ng\SRC\zsortc.c">
      <Filter>Source Files\SRC</Filter>
    </ClCompile>
    <ClCompile Include="..\..\..\ARPACK\arpack-ng\SRC\zstatn.c">
      <Filter>Source Files\SRC</Filter>
    </ClCompile>
  </ItemGroup>
  <ItemGroup>
    <ClInclude Include="..\..\..\ARPACK\arpack-ng\arpack.h">
      <Filter>Header Files</Filter>
    </ClInclude>
    <ClInclude Include="..\..\..\ARPACK\arpack-ng\arpack_internal.h">
      <Filter>Header Files</Filter>
    </ClInclude>
    <ClInclude Include="..\..\..\ARPACK\arpack-ng\lapack.h">
      <Filter>Header Files</Filter>
    </ClInclude>
    <ClInclude Include="..\..\..\ARPACK\arpack-ng\arpack_types.h">
      <Filter>Header Files</Filter>
    </ClInclude>
    <ClInclude Include="..\..\..\ARPACK\arpack-ng\arpack_constants.h">
      <Filter>Header Files</Filter>
    </ClInclude>
  </ItemGroup>
</Project>