
Microsoft Visual Studio Solution File, Format Version 12.00
# Visual Studio Version 16
VisualStudioVersion = 16.0.30204.135
MinimumVisualStudioVersion = 10.0.40219.1
Project("{2150E333-8FDC-42A3-9474-1A3956D46DE8}") = "static", "static", "{557469D5-C174-4774-8215-C60A327C58FD}"
EndProject
Project("{2150E333-8FDC-42A3-9474-1A3956D46DE8}") = "shared", "shared", "{2AA7C31A-C8C5-4596-88EE-B3EDD40400A1}"
EndProject
Project("{8BC9CEB8-8B4A-11D0-8D11-00A0C91BC942}") = "arpack-ng", "Visual Studio\static\arpack-ng\arpack-ng.vcxproj", "{8E839A8F-36C7-48DE-8A88-E94DFAE6E416}"
EndProject
Project("{8BC9CEB8-8B4A-11D0-8D11-00A0C91BC942}") = "libarpack", "Visual Studio\shared\libarpack\libarpack.vcxproj", "{56B3596E-6653-4BF3-B1E6-AAC213C1F2A1}"
	ProjectSection(ProjectDependencies) = postProject
		{8E839A8F-36C7-48DE-8A88-E94DFAE6E416} = {8E839A8F-36C7-48DE-8A88-E94DFAE6E416}
	EndProjectSection
EndProject
Project("{2150E333-8FDC-42A3-9474-1A3956D46DE8}") = "tests", "tests", "{DA560E28-361A-4E38-9074-34A9447B5901}"
EndProject
Project("{8BC9CEB8-8B4A-11D0-8D11-00A0C91BC942}") = "dtest", "Visual Studio\tests\dtest\dtest.vcxproj", "{65AC6413-8B98-4CBF-92FD-01BD8D4162A4}"
EndProject
Project("{8BC9CEB8-8B4A-11D0-8D11-00A0C91BC942}") = "ctest", "Visual Studio\tests\ctest\ctest.vcxproj", "{5CD175B5-4335-4307-80CA-20BFFA4B36BF}"
EndProject
Project("{8BC9CEB8-8B4A-11D0-8D11-00A0C91BC942}") = "stest", "Visual Studio\tests\stest\stest.vcxproj", "{CE5FA56B-7584-4FC6-8F0D-20C699EFDC40}"
EndProject
Project("{8BC9CEB8-8B4A-11D0-8D11-00A0C91BC942}") = "ztest", "Visual Studio\tests\ztest\ztest.vcxproj", "{9AE1B0FF-BDF7-422A-A0BE-6C4B6EF7B08B}"
EndProject
Global
	GlobalSection(SolutionConfigurationPlatforms) = preSolution
		Debug|x64 = Debug|x64
		Debug|x86 = Debug|x86
		Release|x64 = Release|x64
		Release|x86 = Release|x86
	EndGlobalSection
	GlobalSection(ProjectConfigurationPlatforms) = postSolution
		{8E839A8F-36C7-48DE-8A88-E94DFAE6E416}.Debug|x64.ActiveCfg = Debug|x64
		{8E839A8F-36C7-48DE-8A88-E94DFAE6E416}.Debug|x64.Build.0 = Debug|x64
		{8E839A8F-36C7-48DE-8A88-E94DFAE6E416}.Debug|x86.ActiveCfg = Debug|Win32
		{8E839A8F-36C7-48DE-8A88-E94DFAE6E416}.Debug|x86.Build.0 = Debug|Win32
		{8E839A8F-36C7-48DE-8A88-E94DFAE6E416}.Release|x64.ActiveCfg = Release|x64
		{8E839A8F-36C7-48DE-8A88-E94DFAE6E416}.Release|x64.Build.0 = Release|x64
		{8E839A8F-36C7-48DE-8A88-E94DFAE6E416}.Release|x86.ActiveCfg = Release|Win32
		{8E839A8F-36C7-48DE-8A88-E94DFAE6E416}.Release|x86.Build.0 = Release|Win32
		{56B3596E-6653-4BF3-B1E6-AAC213C1F2A1}.Debug|x64.ActiveCfg = Debug|x64
		{56B3596E-6653-4BF3-B1E6-AAC213C1F2A1}.Debug|x64.Build.0 = Debug|x64
		{56B3596E-6653-4BF3-B1E6-AAC213C1F2A1}.Debug|x86.ActiveCfg = Debug|Win32
		{56B3596E-6653-4BF3-B1E6-AAC213C1F2A1}.Debug|x86.Build.0 = Debug|Win32
		{56B3596E-6653-4BF3-B1E6-AAC213C1F2A1}.Release|x64.ActiveCfg = Release|x64
		{56B3596E-6653-4BF3-B1E6-AAC213C1F2A1}.Release|x64.Build.0 = Release|x64
		{56B3596E-6653-4BF3-B1E6-AAC213C1F2A1}.Release|x86.ActiveCfg = Release|Win32
		{56B3596E-6653-4BF3-B1E6-AAC213C1F2A1}.Release|x86.Build.0 = Release|Win32
		{65AC6413-8B98-4CBF-92FD-01BD8D4162A4}.Debug|x64.ActiveCfg = Debug|x64
		{65AC6413-8B98-4CBF-92FD-01BD8D4162A4}.Debug|x64.Build.0 = Debug|x64
		{65AC6413-8B98-4CBF-92FD-01BD8D4162A4}.Debug|x86.ActiveCfg = Debug|Win32
		{65AC6413-8B98-4CBF-92FD-01BD8D4162A4}.Debug|x86.Build.0 = Debug|Win32
		{65AC6413-8B98-4CBF-92FD-01BD8D4162A4}.Release|x64.ActiveCfg = Release|x64
		{65AC6413-8B98-4CBF-92FD-01BD8D4162A4}.Release|x64.Build.0 = Release|x64
		{65AC6413-8B98-4CBF-92FD-01BD8D4162A4}.Release|x86.ActiveCfg = Release|Win32
		{65AC6413-8B98-4CBF-92FD-01BD8D4162A4}.Release|x86.Build.0 = Release|Win32
		{5CD175B5-4335-4307-80CA-20BFFA4B36BF}.Debug|x64.ActiveCfg = Debug|x64
		{5CD175B5-4335-4307-80CA-20BFFA4B36BF}.Debug|x64.Build.0 = Debug|x64
		{5CD175B5-4335-4307-80CA-20BFFA4B36BF}.Debug|x86.ActiveCfg = Debug|Win32
		{5CD175B5-4335-4307-80CA-20BFFA4B36BF}.Debug|x86.Build.0 = Debug|Win32
		{5CD175B5-4335-4307-80CA-20BFFA4B36BF}.Release|x64.ActiveCfg = Release|x64
		{5CD175B5-4335-4307-80CA-20BFFA4B36BF}.Release|x64.Build.0 = Release|x64
		{5CD175B5-4335-4307-80CA-20BFFA4B36BF}.Release|x86.ActiveCfg = Release|Win32
		{5CD175B5-4335-4307-80CA-20BFFA4B36BF}.Release|x86.Build.0 = Release|Win32
		{CE5FA56B-7584-4FC6-8F0D-20C699EFDC40}.Debug|x64.ActiveCfg = Debug|x64
		{CE5FA56B-7584-4FC6-8F0D-20C699EFDC40}.Debug|x64.Build.0 = Debug|x64
		{CE5FA56B-7584-4FC6-8F0D-20C699EFDC40}.Debug|x86.ActiveCfg = Debug|Win32
		{CE5FA56B-7584-4FC6-8F0D-20C699EFDC40}.Debug|x86.Build.0 = Debug|Win32
		{CE5FA56B-7584-4FC6-8F0D-20C699EFDC40}.Release|x64.ActiveCfg = Release|x64
		{CE5FA56B-7584-4FC6-8F0D-20C699EFDC40}.Release|x64.Build.0 = Release|x64
		{CE5FA56B-7584-4FC6-8F0D-20C699EFDC40}.Release|x86.ActiveCfg = Release|Win32
		{CE5FA56B-7584-4FC6-8F0D-20C699EFDC40}.Release|x86.Build.0 = Release|Win32
		{9AE1B0FF-BDF7-422A-A0BE-6C4B6EF7B08B}.Debug|x64.ActiveCfg = Debug|x64
		{9AE1B0FF-BDF7-422A-A0BE-6C4B6EF7B08B}.Debug|x64.Build.0 = Debug|x64
		{9AE1B0FF-BDF7-422A-A0BE-6C4B6EF7B08B}.Debug|x86.ActiveCfg = Debug|Win32
		{9AE1B0FF-BDF7-422A-A0BE-6C4B6EF7B08B}.Debug|x86.Build.0 = Debug|Win32
		{9AE1B0FF-BDF7-422A-A0BE-6C4B6EF7B08B}.Release|x64.ActiveCfg = Release|x64
		{9AE1B0FF-BDF7-422A-A0BE-6C4B6EF7B08B}.Release|x64.Build.0 = Release|x64
		{9AE1B0FF-BDF7-422A-A0BE-6C4B6EF7B08B}.Release|x86.ActiveCfg = Release|Win32
		{9AE1B0FF-BDF7-422A-A0BE-6C4B6EF7B08B}.Release|x86.Build.0 = Release|Win32
	EndGlobalSection
	GlobalSection(SolutionProperties) = preSolution
		HideSolutionNode = FALSE
	EndGlobalSection
	GlobalSection(NestedProjects) = preSolution
		{8E839A8F-36C7-48DE-8A88-E94DFAE6E416} = {557469D5-C174-4774-8215-C60A327C58FD}
		{56B3596E-6653-4BF3-B1E6-AAC213C1F2A1} = {2AA7C31A-C8C5-4596-88EE-B3EDD40400A1}
		{65AC6413-8B98-4CBF-92FD-01BD8D4162A4} = {DA560E28-361A-4E38-9074-34A9447B5901}
		{5CD175B5-4335-4307-80CA-20BFFA4B36BF} = {DA560E28-361A-4E38-9074-34A9447B5901}
		{CE5FA56B-7584-4FC6-8F0D-20C699EFDC40} = {DA560E28-361A-4E38-9074-34A9447B5901}
		{9AE1B0FF-BDF7-422A-A0BE-6C4B6EF7B08B} = {DA560E28-361A-4E38-9074-34A9447B5901}
	EndGlobalSection
	GlobalSection(ExtensibilityGlobals) = postSolution
		SolutionGuid = {B8E70845-C25B-4F1F-9E6A-9698AF9B68C5}
	EndGlobalSection
EndGlobal
